
Microsoft Visual Studio Solution File, Format Version 12.00
# Visual Studio Version 17
VisualStudioVersion = 17.9.34701.34
MinimumVisualStudioVersion = 10.0.40219.1
Project("{8BC9CEB8-8B4A-11D0-8D11-00A0C91BC942}") = "CudaTutorial", "CudaTutorial.vcxproj", "{5745942F-5796-4B50-8CF7-7BA86BA135EA}"
EndProject
Global
	GlobalSection(SolutionConfigurationPlatforms) = preSolution
		Debug|x64 = Debug|x64
		Release|x64 = Release|x64
	EndGlobalSection
	GlobalSection(ProjectConfigurationPlatforms) = postSolution
		{5745942F-5796-4B50-8CF7-7BA86BA135EA}.Debug|x64.ActiveCfg = Debug|x64
		{5745942F-5796-4B50-8CF7-7BA86BA135EA}.Debug|x64.Build.0 = Debug|x64
		{5745942F-5796-4B50-8CF7-7BA86BA135EA}.Release|x64.ActiveCfg = Release|x64
		{5745942F-5796-4B50-8CF7-7BA86BA135EA}.Release|x64.Build.0 = Release|x64
	EndGlobalSection
	GlobalSection(SolutionProperties) = preSolution
		HideSolutionNode = FALSE
	EndGlobalSection
	GlobalSection(ExtensibilityGlobals) = postSolution
		SolutionGuid = {CA3D4B8B-C75C-4786-9635-1018ACE482F5}
	EndGlobalSection
EndGlobal
